// !$*UTF8*$!
{
	archiveVersion = 1;
	classes = {
	};
	objectVersion = 77;
	objects = {

/* Begin PBXBuildFile section */
		000CCBD668C2818134BBB9D8 /* SessionManagerTests.swift in Sources */ = {isa = PBXBuildFile; fileRef = D356C6AB03EB875128D5945B /* SessionManagerTests.swift */; };
		01E12BE332E2E3ED3B56C918 /* CurriculumModels.swift in Sources */ = {isa = PBXBuildFile; fileRef = EAEF1C26EA42FA0CC980DB14 /* CurriculumModels.swift */; };
		025290442B034FB27FF10B18 /* STTProviderRouter.swift in Sources */ = {isa = PBXBuildFile; fileRef = 642F2F56F4708A528BA96651 /* STTProviderRouter.swift */; };
		098AA76289CAF765C05E5F4D /* AnalyticsViewModelTests.swift in Sources */ = {isa = PBXBuildFile; fileRef = 1DF288D2538186C5B5000DD2 /* AnalyticsViewModelTests.swift */; };
		0E42DB2A515DB5894FBC9A3A /* DocumentProcessor.swift in Sources */ = {isa = PBXBuildFile; fileRef = F2029AB53CA1A018B6452858 /* DocumentProcessor.swift */; };
		15666863F2687AEA80E96602 /* GLMASRIntegrationTests.swift in Sources */ = {isa = PBXBuildFile; fileRef = DF622CC8ADFDC3237C1CD43E /* GLMASRIntegrationTests.swift */; };
		1A0E8F973F5E24C429F420B3 /* RoutingTableTests.swift in Sources */ = {isa = PBXBuildFile; fileRef = E7B220AE176B031B0C84966D /* RoutingTableTests.swift */; };
		1B532AA91F37FB00F3776A20 /* TelemetryEngineTests.swift in Sources */ = {isa = PBXBuildFile; fileRef = AC61E5D57E08430947D46C5F /* TelemetryEngineTests.swift */; };
		1CC2729F8234EC249E8657A8 /* PatchPanelService.swift in Sources */ = {isa = PBXBuildFile; fileRef = 21B1322BA6EF8B4C921E0211 /* PatchPanelService.swift */; };
		1D32D97ACF5B69D35233B4FD /* AudioEngineConfig.swift in Sources */ = {isa = PBXBuildFile; fileRef = 792F0BB33A7D5172ED835540 /* AudioEngineConfig.swift */; };
		1D9A963EFEAB498D28F47ED3 /* AudioEngineTests.swift in Sources */ = {isa = PBXBuildFile; fileRef = 8937651F15BB51C3D6444444 /* AudioEngineTests.swift */; };
		2049AFC61933FA56A87B1B16 /* LLMTaskType.swift in Sources */ = {isa = PBXBuildFile; fileRef = B3FB5E0280E27A09D5A38E04 /* LLMTaskType.swift */; };
		258B8E396E2A216A916FEF7C /* AudioEngine.swift in Sources */ = {isa = PBXBuildFile; fileRef = F0FE012EAB2DF6CAB3A1F56B /* AudioEngine.swift */; };
		34AAE979FCBAF1B670CD49A2 /* OpenAIEmbeddingServiceTests.swift in Sources */ = {isa = PBXBuildFile; fileRef = 49FC2289A12508DE51EA8F66 /* OpenAIEmbeddingServiceTests.swift */; };
		396D2F55A0D16F01C4091404 /* VADService.swift in Sources */ = {isa = PBXBuildFile; fileRef = 1AB061474227993A5FFF2041 /* VADService.swift */; };
		3B1F6045E2D8996D3EF258A7 /* RoutingConditionTests.swift in Sources */ = {isa = PBXBuildFile; fileRef = 7F9A00D61E988856333CEBDB /* RoutingConditionTests.swift */; };
		3C9687BB5ED088E5CFB137A3 /* LLMService.swift in Sources */ = {isa = PBXBuildFile; fileRef = EFC0F774D8EC0E30A1EC2D96 /* LLMService.swift */; };
		41B2ED1A4802336BD4E0DEB8 /* DeepgramSTTService.swift in Sources */ = {isa = PBXBuildFile; fileRef = A3D987AE5ED4862C62290270 /* DeepgramSTTService.swift */; };
		494EF7B0DF519CC02B6BA5C1 /* VoiceLearnApp.swift in Sources */ = {isa = PBXBuildFile; fileRef = FB8E188DAEEF291DE3D8717F /* VoiceLearnApp.swift */; };
		4EF17C8315F0F06267492967 /* GLMASRSTTService.swift in Sources */ = {isa = PBXBuildFile; fileRef = E8536D559854F89B9630C6F2 /* GLMASRSTTService.swift */; };
		4FD6E2915CC0F88F817B2E9D /* LLMEndpointTests.swift in Sources */ = {isa = PBXBuildFile; fileRef = CC219C1820A1E178A680D115 /* LLMEndpointTests.swift */; };
		5124E9461D8BB49030B2518B /* APIKeyManagerTests.swift in Sources */ = {isa = PBXBuildFile; fileRef = 181DC67767E99F3AAE3EF30C /* APIKeyManagerTests.swift */; };
		51597A37F8C2CF4DF8F8D9AB /* CurriculumView.swift in Sources */ = {isa = PBXBuildFile; fileRef = B5F8DC1045251FDE321A9246 /* CurriculumView.swift */; };
		5510A61AC575D75EB2F879CA /* OpenAILLMService.swift in Sources */ = {isa = PBXBuildFile; fileRef = 4BA68771D0D75A21B107BC24 /* OpenAILLMService.swift */; };
		58D25B9D0FF5811916E1F00C /* ProviderTests.swift in Sources */ = {isa = PBXBuildFile; fileRef = 7FE8A7ECB08243FD922BC210 /* ProviderTests.swift */; };
		6185DD021C5AF6878242D176 /* SessionView.swift in Sources */ = {isa = PBXBuildFile; fileRef = 870651B4721B440C51FF2B25 /* SessionView.swift */; };
		61D0586DDED7EFC311050437 /* ElevenLabsTTSServiceTests.swift in Sources */ = {isa = PBXBuildFile; fileRef = 3FE1485B0B0AE8F52678656C /* ElevenLabsTTSServiceTests.swift */; };
		63F3D9D850D9235A2A45C6E8 /* STTService.swift in Sources */ = {isa = PBXBuildFile; fileRef = 8998E9A5A77C8479C6840EC9 /* STTService.swift */; };
		645B75E6E4117EEF61541600 /* TelemetryEngine.swift in Sources */ = {isa = PBXBuildFile; fileRef = 47903B0E20EAF003FA79E708 /* TelemetryEngine.swift */; };
		6544D5BDFF62389EE39CF048 /* LiveKit in Frameworks */ = {isa = PBXBuildFile; productRef = 2B2AF5164826C00D3745FA7A /* LiveKit */; };
		67AAFF06599079A85D50BDD1 /* ProgressTrackerTests.swift in Sources */ = {isa = PBXBuildFile; fileRef = 796649153218922464580B05 /* ProgressTrackerTests.swift */; };
		6D7A2DF632E0DC9E1D7FD41F /* Logging in Frameworks */ = {isa = PBXBuildFile; productRef = 979A0008641BECA9718FB660 /* Logging */; };
		6EEE0509CC6D6481D46DC973 /* MockServices.swift in Sources */ = {isa = PBXBuildFile; fileRef = 3A8A6B9379FE371FFEDEF1AC /* MockServices.swift */; };
		756EF19183A7B57FC6CE4BC7 /* AnalyticsView.swift in Sources */ = {isa = PBXBuildFile; fileRef = 0ECDBD58C2B5FD015AEE0F44 /* AnalyticsView.swift */; };
		7FD635E8BE9ADCCAFB9B841F /* PatchPanelServiceTests.swift in Sources */ = {isa = PBXBuildFile; fileRef = 0AC3FC9E73C2D35145D9E98E /* PatchPanelServiceTests.swift */; };
		8A8A0EA375EBA0B193CFBC4F /* SessionManager.swift in Sources */ = {isa = PBXBuildFile; fileRef = 3A9B2D01533457DA47F7C663 /* SessionManager.swift */; };
		8CB794485F99A48DC8B17395 /* VoiceSessionIntegrationTests.swift in Sources */ = {isa = PBXBuildFile; fileRef = 1B59DC7EA3F2AF402C44F881 /* VoiceSessionIntegrationTests.swift */; };
		91CFFCECF8519999A8A37ECC /* VoiceLearn.xcdatamodeld in Sources */ = {isa = PBXBuildFile; fileRef = 37108704C22D2AF176240356 /* VoiceLearn.xcdatamodeld */; };
		939A4CD598021E7D2608076F /* SileroVADService.swift in Sources */ = {isa = PBXBuildFile; fileRef = 5C3D0F50423CA0804E8D2323 /* SileroVADService.swift */; };
		9AD986AC3C1103518ABD6AA7 /* PersistenceController.swift in Sources */ = {isa = PBXBuildFile; fileRef = 130F7FE33D6B9434561D7E5F /* PersistenceController.swift */; };
		9F857CCCA1A3413160008F39 /* GLMASRHealthMonitor.swift in Sources */ = {isa = PBXBuildFile; fileRef = 1D75D9A149FC47EEFAD80F8B /* GLMASRHealthMonitor.swift */; };
		A5E353A948B2DE6013C9D344 /* AnthropicLLMServiceTests.swift in Sources */ = {isa = PBXBuildFile; fileRef = 34C5C067618E2C8FC74E1F33 /* AnthropicLLMServiceTests.swift */; };
		A5F176EAF578AB5F4C596938 /* LLMTaskTypeTests.swift in Sources */ = {isa = PBXBuildFile; fileRef = 2FFCEBA98BD1D322FF6847BE /* LLMTaskTypeTests.swift */; };
		AD59AB97320E3A82409B6F91 /* HistoryView.swift in Sources */ = {isa = PBXBuildFile; fileRef = 7246BE33512BCC042E23B833 /* HistoryView.swift */; };
		B2CDE99451243202FC0AEB82 /* CurriculumEngineTests.swift in Sources */ = {isa = PBXBuildFile; fileRef = 71599E323CA773F8A514E7D3 /* CurriculumEngineTests.swift */; };
		B8D4BA457002AC905CFE3E3F /* OpenAIEmbeddingService.swift in Sources */ = {isa = PBXBuildFile; fileRef = BCA550DB8790852526746794 /* OpenAIEmbeddingService.swift */; };
		BBBBBD2EA90859E56F2F0F34 /* TTSService.swift in Sources */ = {isa = PBXBuildFile; fileRef = 066A28895F859A971E648506 /* TTSService.swift */; };
		BF409C6E576B70EDDF1B8422 /* VoiceLearnTests.swift in Sources */ = {isa = PBXBuildFile; fileRef = 6FFA7F1BC8578438E8C65E54 /* VoiceLearnTests.swift */; };
		C1C82D7C3C5767FC4AB506F1 /* LLMEndpoint.swift in Sources */ = {isa = PBXBuildFile; fileRef = CBAD08FD4974B8C9BCA8CF6C /* LLMEndpoint.swift */; };
		C569F578CBCEA6FA0C4B56DB /* GLMASRHealthMonitorTests.swift in Sources */ = {isa = PBXBuildFile; fileRef = 9D2F615BA4E1303BC1721006 /* GLMASRHealthMonitorTests.swift */; };
		C75E49C4ACFF9A7A2BD87413 /* CurriculumEngine.swift in Sources */ = {isa = PBXBuildFile; fileRef = 411F0D12EF1ABAE2430E579A /* CurriculumEngine.swift */; };
		D159E4DCBE598DD145BD0190 /* ProgressTracker.swift in Sources */ = {isa = PBXBuildFile; fileRef = B041C01E235EB5974E93FCBA /* ProgressTracker.swift */; };
		D5C0362DDAFF0BC6ACED588F /* RoutingTable.swift in Sources */ = {isa = PBXBuildFile; fileRef = DBA2D86265CB6660E6A1E540 /* RoutingTable.swift */; };
		D92E56023D90A34042E91773 /* RoutingCondition.swift in Sources */ = {isa = PBXBuildFile; fileRef = A3D4EB61FBEC59B4CB49D5D6 /* RoutingCondition.swift */; };
		DBA6638373A4D9746B324D0A /* DeepgramSTTServiceTests.swift in Sources */ = {isa = PBXBuildFile; fileRef = 649A4C232D5F60B29F8A3CC2 /* DeepgramSTTServiceTests.swift */; };
		E244A33D305EC46E40069634 /* Collections in Frameworks */ = {isa = PBXBuildFile; productRef = E47F4D79C318BDBE1EF4A727 /* Collections */; };
		E4A9718A2BC3BEE2B5CA5E4F /* AssemblyAISTTService.swift in Sources */ = {isa = PBXBuildFile; fileRef = 6B6839806CB0A8B4C586FF10 /* AssemblyAISTTService.swift */; };
		E5D418DA141E14B8F59D496F /* DeepgramTTSService.swift in Sources */ = {isa = PBXBuildFile; fileRef = C2F47CEED72DFFD39384E43C /* DeepgramTTSService.swift */; };
		E6002B3D9EDF1E4CDC6AF6F6 /* ElevenLabsTTSService.swift in Sources */ = {isa = PBXBuildFile; fileRef = CDECFDD641B04BF76BFF029D /* ElevenLabsTTSService.swift */; };
		EA5172B75096ABB7DE2C0DF3 /* DocumentProcessorTests.swift in Sources */ = {isa = PBXBuildFile; fileRef = E84372C34CDB567D72A2D878 /* DocumentProcessorTests.swift */; };
		F0A24FCEEB540AE0010195C9 /* STTProviderRouterTests.swift in Sources */ = {isa = PBXBuildFile; fileRef = FE3B47E47DB31A33003803B6 /* STTProviderRouterTests.swift */; };
		F3A1B3299F761CA0B3A359FD /* SettingsView.swift in Sources */ = {isa = PBXBuildFile; fileRef = C07F55967DD85A530CF98851 /* SettingsView.swift */; };
		F6FB88EE88B2200BFEDB700F /* AnthropicLLMService.swift in Sources */ = {isa = PBXBuildFile; fileRef = 509B24E559CC29015119472E /* AnthropicLLMService.swift */; };
		F95E852719059B9493C11973 /* GLMASRSTTServiceTests.swift in Sources */ = {isa = PBXBuildFile; fileRef = 9693B0FF6F177A8F54F08D6F /* GLMASRSTTServiceTests.swift */; };
		FB933B4BB3E2F055E8146AC5 /* APIKeyManager.swift in Sources */ = {isa = PBXBuildFile; fileRef = 0CF8A71F6E29B1A60EB657AC /* APIKeyManager.swift */; };
/* End PBXBuildFile section */

/* Begin PBXContainerItemProxy section */
		2C4BE255A9A8DCFF504F55CA /* PBXContainerItemProxy */ = {
			isa = PBXContainerItemProxy;
			containerPortal = B631013CC8C5ED885CFA8A9C /* Project object */;
			proxyType = 1;
			remoteGlobalIDString = F3A617C1E824546C188FE132;
			remoteInfo = VoiceLearn;
		};
/* End PBXContainerItemProxy section */

/* Begin PBXFileReference section */
		066A28895F859A971E648506 /* TTSService.swift */ = {isa = PBXFileReference; lastKnownFileType = sourcecode.swift; path = TTSService.swift; sourceTree = "<group>"; };
		0AC3FC9E73C2D35145D9E98E /* PatchPanelServiceTests.swift */ = {isa = PBXFileReference; lastKnownFileType = sourcecode.swift; path = PatchPanelServiceTests.swift; sourceTree = "<group>"; };
		0CF8A71F6E29B1A60EB657AC /* APIKeyManager.swift */ = {isa = PBXFileReference; lastKnownFileType = sourcecode.swift; path = APIKeyManager.swift; sourceTree = "<group>"; };
		0ECDBD58C2B5FD015AEE0F44 /* AnalyticsView.swift */ = {isa = PBXFileReference; lastKnownFileType = sourcecode.swift; path = AnalyticsView.swift; sourceTree = "<group>"; };
		130F7FE33D6B9434561D7E5F /* PersistenceController.swift */ = {isa = PBXFileReference; lastKnownFileType = sourcecode.swift; path = PersistenceController.swift; sourceTree = "<group>"; };
		1422944EA437B2FFC57CE4B0 /* VoiceLearn.entitlements */ = {isa = PBXFileReference; lastKnownFileType = text.plist.entitlements; path = VoiceLearn.entitlements; sourceTree = "<group>"; };
		181DC67767E99F3AAE3EF30C /* APIKeyManagerTests.swift */ = {isa = PBXFileReference; lastKnownFileType = sourcecode.swift; path = APIKeyManagerTests.swift; sourceTree = "<group>"; };
		1AB061474227993A5FFF2041 /* VADService.swift */ = {isa = PBXFileReference; lastKnownFileType = sourcecode.swift; path = VADService.swift; sourceTree = "<group>"; };
		1B59DC7EA3F2AF402C44F881 /* VoiceSessionIntegrationTests.swift */ = {isa = PBXFileReference; lastKnownFileType = sourcecode.swift; path = VoiceSessionIntegrationTests.swift; sourceTree = "<group>"; };
		1D75D9A149FC47EEFAD80F8B /* GLMASRHealthMonitor.swift */ = {isa = PBXFileReference; lastKnownFileType = sourcecode.swift; path = GLMASRHealthMonitor.swift; sourceTree = "<group>"; };
		1DF288D2538186C5B5000DD2 /* AnalyticsViewModelTests.swift */ = {isa = PBXFileReference; lastKnownFileType = sourcecode.swift; path = AnalyticsViewModelTests.swift; sourceTree = "<group>"; };
		21B1322BA6EF8B4C921E0211 /* PatchPanelService.swift */ = {isa = PBXFileReference; lastKnownFileType = sourcecode.swift; path = PatchPanelService.swift; sourceTree = "<group>"; };
		2FFCEBA98BD1D322FF6847BE /* LLMTaskTypeTests.swift */ = {isa = PBXFileReference; lastKnownFileType = sourcecode.swift; path = LLMTaskTypeTests.swift; sourceTree = "<group>"; };
		34C5C067618E2C8FC74E1F33 /* AnthropicLLMServiceTests.swift */ = {isa = PBXFileReference; lastKnownFileType = sourcecode.swift; path = AnthropicLLMServiceTests.swift; sourceTree = "<group>"; };
		3A8A6B9379FE371FFEDEF1AC /* MockServices.swift */ = {isa = PBXFileReference; lastKnownFileType = sourcecode.swift; path = MockServices.swift; sourceTree = "<group>"; };
		3A9B2D01533457DA47F7C663 /* SessionManager.swift */ = {isa = PBXFileReference; lastKnownFileType = sourcecode.swift; path = SessionManager.swift; sourceTree = "<group>"; };
		3FE1485B0B0AE8F52678656C /* ElevenLabsTTSServiceTests.swift */ = {isa = PBXFileReference; lastKnownFileType = sourcecode.swift; path = ElevenLabsTTSServiceTests.swift; sourceTree = "<group>"; };
		411F0D12EF1ABAE2430E579A /* CurriculumEngine.swift */ = {isa = PBXFileReference; lastKnownFileType = sourcecode.swift; path = CurriculumEngine.swift; sourceTree = "<group>"; };
		47903B0E20EAF003FA79E708 /* TelemetryEngine.swift */ = {isa = PBXFileReference; lastKnownFileType = sourcecode.swift; path = TelemetryEngine.swift; sourceTree = "<group>"; };
		49FC2289A12508DE51EA8F66 /* OpenAIEmbeddingServiceTests.swift */ = {isa = PBXFileReference; lastKnownFileType = sourcecode.swift; path = OpenAIEmbeddingServiceTests.swift; sourceTree = "<group>"; };
		4BA68771D0D75A21B107BC24 /* OpenAILLMService.swift */ = {isa = PBXFileReference; lastKnownFileType = sourcecode.swift; path = OpenAILLMService.swift; sourceTree = "<group>"; };
		509B24E559CC29015119472E /* AnthropicLLMService.swift */ = {isa = PBXFileReference; lastKnownFileType = sourcecode.swift; path = AnthropicLLMService.swift; sourceTree = "<group>"; };
		5C3D0F50423CA0804E8D2323 /* SileroVADService.swift */ = {isa = PBXFileReference; lastKnownFileType = sourcecode.swift; path = SileroVADService.swift; sourceTree = "<group>"; };
		642F2F56F4708A528BA96651 /* STTProviderRouter.swift */ = {isa = PBXFileReference; lastKnownFileType = sourcecode.swift; path = STTProviderRouter.swift; sourceTree = "<group>"; };
		649A4C232D5F60B29F8A3CC2 /* DeepgramSTTServiceTests.swift */ = {isa = PBXFileReference; lastKnownFileType = sourcecode.swift; path = DeepgramSTTServiceTests.swift; sourceTree = "<group>"; };
		68BEF421B3B705117D9CA31A /* VoiceLearn.app */ = {isa = PBXFileReference; includeInIndex = 0; lastKnownFileType = wrapper.application; path = VoiceLearn.app; sourceTree = BUILT_PRODUCTS_DIR; };
		6B6839806CB0A8B4C586FF10 /* AssemblyAISTTService.swift */ = {isa = PBXFileReference; lastKnownFileType = sourcecode.swift; path = AssemblyAISTTService.swift; sourceTree = "<group>"; };
		6FFA7F1BC8578438E8C65E54 /* VoiceLearnTests.swift */ = {isa = PBXFileReference; lastKnownFileType = sourcecode.swift; path = VoiceLearnTests.swift; sourceTree = "<group>"; };
		71599E323CA773F8A514E7D3 /* CurriculumEngineTests.swift */ = {isa = PBXFileReference; lastKnownFileType = sourcecode.swift; path = CurriculumEngineTests.swift; sourceTree = "<group>"; };
		7246BE33512BCC042E23B833 /* HistoryView.swift */ = {isa = PBXFileReference; lastKnownFileType = sourcecode.swift; path = HistoryView.swift; sourceTree = "<group>"; };
		792F0BB33A7D5172ED835540 /* AudioEngineConfig.swift */ = {isa = PBXFileReference; lastKnownFileType = sourcecode.swift; path = AudioEngineConfig.swift; sourceTree = "<group>"; };
		796649153218922464580B05 /* ProgressTrackerTests.swift */ = {isa = PBXFileReference; lastKnownFileType = sourcecode.swift; path = ProgressTrackerTests.swift; sourceTree = "<group>"; };
		7F9A00D61E988856333CEBDB /* RoutingConditionTests.swift */ = {isa = PBXFileReference; lastKnownFileType = sourcecode.swift; path = RoutingConditionTests.swift; sourceTree = "<group>"; };
		7FE8A7ECB08243FD922BC210 /* ProviderTests.swift */ = {isa = PBXFileReference; lastKnownFileType = sourcecode.swift; path = ProviderTests.swift; sourceTree = "<group>"; };
		870651B4721B440C51FF2B25 /* SessionView.swift */ = {isa = PBXFileReference; lastKnownFileType = sourcecode.swift; path = SessionView.swift; sourceTree = "<group>"; };
		8937651F15BB51C3D6444444 /* AudioEngineTests.swift */ = {isa = PBXFileReference; lastKnownFileType = sourcecode.swift; path = AudioEngineTests.swift; sourceTree = "<group>"; };
		8998E9A5A77C8479C6840EC9 /* STTService.swift */ = {isa = PBXFileReference; lastKnownFileType = sourcecode.swift; path = STTService.swift; sourceTree = "<group>"; };
		91E410B5773BC939BEA1C800 /* Info.plist */ = {isa = PBXFileReference; lastKnownFileType = text.plist; path = Info.plist; sourceTree = "<group>"; };
		9223C07C58411F6BB3AE7182 /* VoiceLearnTests.xctest */ = {isa = PBXFileReference; includeInIndex = 0; lastKnownFileType = wrapper.cfbundle; path = VoiceLearnTests.xctest; sourceTree = BUILT_PRODUCTS_DIR; };
		9693B0FF6F177A8F54F08D6F /* GLMASRSTTServiceTests.swift */ = {isa = PBXFileReference; lastKnownFileType = sourcecode.swift; path = GLMASRSTTServiceTests.swift; sourceTree = "<group>"; };
		9D2F615BA4E1303BC1721006 /* GLMASRHealthMonitorTests.swift */ = {isa = PBXFileReference; lastKnownFileType = sourcecode.swift; path = GLMASRHealthMonitorTests.swift; sourceTree = "<group>"; };
		A3D4EB61FBEC59B4CB49D5D6 /* RoutingCondition.swift */ = {isa = PBXFileReference; lastKnownFileType = sourcecode.swift; path = RoutingCondition.swift; sourceTree = "<group>"; };
		A3D987AE5ED4862C62290270 /* DeepgramSTTService.swift */ = {isa = PBXFileReference; lastKnownFileType = sourcecode.swift; path = DeepgramSTTService.swift; sourceTree = "<group>"; };
		AA5E84CBF89FBA53518EF814 /* VoiceLearn.xcdatamodel */ = {isa = PBXFileReference; lastKnownFileType = wrapper.xcdatamodel; path = VoiceLearn.xcdatamodel; sourceTree = "<group>"; };
		AC61E5D57E08430947D46C5F /* TelemetryEngineTests.swift */ = {isa = PBXFileReference; lastKnownFileType = sourcecode.swift; path = TelemetryEngineTests.swift; sourceTree = "<group>"; };
		B041C01E235EB5974E93FCBA /* ProgressTracker.swift */ = {isa = PBXFileReference; lastKnownFileType = sourcecode.swift; path = ProgressTracker.swift; sourceTree = "<group>"; };
		B3FB5E0280E27A09D5A38E04 /* LLMTaskType.swift */ = {isa = PBXFileReference; lastKnownFileType = sourcecode.swift; path = LLMTaskType.swift; sourceTree = "<group>"; };
		B5F8DC1045251FDE321A9246 /* CurriculumView.swift */ = {isa = PBXFileReference; lastKnownFileType = sourcecode.swift; path = CurriculumView.swift; sourceTree = "<group>"; };
		BCA550DB8790852526746794 /* OpenAIEmbeddingService.swift */ = {isa = PBXFileReference; lastKnownFileType = sourcecode.swift; path = OpenAIEmbeddingService.swift; sourceTree = "<group>"; };
		C07F55967DD85A530CF98851 /* SettingsView.swift */ = {isa = PBXFileReference; lastKnownFileType = sourcecode.swift; path = SettingsView.swift; sourceTree = "<group>"; };
		C2F47CEED72DFFD39384E43C /* DeepgramTTSService.swift */ = {isa = PBXFileReference; lastKnownFileType = sourcecode.swift; path = DeepgramTTSService.swift; sourceTree = "<group>"; };
		CBAD08FD4974B8C9BCA8CF6C /* LLMEndpoint.swift */ = {isa = PBXFileReference; lastKnownFileType = sourcecode.swift; path = LLMEndpoint.swift; sourceTree = "<group>"; };
		CC219C1820A1E178A680D115 /* LLMEndpointTests.swift */ = {isa = PBXFileReference; lastKnownFileType = sourcecode.swift; path = LLMEndpointTests.swift; sourceTree = "<group>"; };
		CDECFDD641B04BF76BFF029D /* ElevenLabsTTSService.swift */ = {isa = PBXFileReference; lastKnownFileType = sourcecode.swift; path = ElevenLabsTTSService.swift; sourceTree = "<group>"; };
		D356C6AB03EB875128D5945B /* SessionManagerTests.swift */ = {isa = PBXFileReference; lastKnownFileType = sourcecode.swift; path = SessionManagerTests.swift; sourceTree = "<group>"; };
		DBA2D86265CB6660E6A1E540 /* RoutingTable.swift */ = {isa = PBXFileReference; lastKnownFileType = sourcecode.swift; path = RoutingTable.swift; sourceTree = "<group>"; };
		DF622CC8ADFDC3237C1CD43E /* GLMASRIntegrationTests.swift */ = {isa = PBXFileReference; lastKnownFileType = sourcecode.swift; path = GLMASRIntegrationTests.swift; sourceTree = "<group>"; };
		E7B220AE176B031B0C84966D /* RoutingTableTests.swift */ = {isa = PBXFileReference; lastKnownFileType = sourcecode.swift; path = RoutingTableTests.swift; sourceTree = "<group>"; };
		E84372C34CDB567D72A2D878 /* DocumentProcessorTests.swift */ = {isa = PBXFileReference; lastKnownFileType = sourcecode.swift; path = DocumentProcessorTests.swift; sourceTree = "<group>"; };
		E8536D559854F89B9630C6F2 /* GLMASRSTTService.swift */ = {isa = PBXFileReference; lastKnownFileType = sourcecode.swift; path = GLMASRSTTService.swift; sourceTree = "<group>"; };
		EAEF1C26EA42FA0CC980DB14 /* CurriculumModels.swift */ = {isa = PBXFileReference; lastKnownFileType = sourcecode.swift; path = CurriculumModels.swift; sourceTree = "<group>"; };
		EFC0F774D8EC0E30A1EC2D96 /* LLMService.swift */ = {isa = PBXFileReference; lastKnownFileType = sourcecode.swift; path = LLMService.swift; sourceTree = "<group>"; };
		F0FE012EAB2DF6CAB3A1F56B /* AudioEngine.swift */ = {isa = PBXFileReference; lastKnownFileType = sourcecode.swift; path = AudioEngine.swift; sourceTree = "<group>"; };
		F2029AB53CA1A018B6452858 /* DocumentProcessor.swift */ = {isa = PBXFileReference; lastKnownFileType = sourcecode.swift; path = DocumentProcessor.swift; sourceTree = "<group>"; };
		F675DF09C93DE1D58FF8C993 /* Info.plist */ = {isa = PBXFileReference; lastKnownFileType = text.plist; path = Info.plist; sourceTree = "<group>"; };
		FB8E188DAEEF291DE3D8717F /* VoiceLearnApp.swift */ = {isa = PBXFileReference; lastKnownFileType = sourcecode.swift; path = VoiceLearnApp.swift; sourceTree = "<group>"; };
		FE3B47E47DB31A33003803B6 /* STTProviderRouterTests.swift */ = {isa = PBXFileReference; lastKnownFileType = sourcecode.swift; path = STTProviderRouterTests.swift; sourceTree = "<group>"; };
/* End PBXFileReference section */

/* Begin PBXFrameworksBuildPhase section */
		7C36E467CAC54F81D5C17931 /* Frameworks */ = {
			isa = PBXFrameworksBuildPhase;
			buildActionMask = 2147483647;
			files = (
				6544D5BDFF62389EE39CF048 /* LiveKit in Frameworks */,
				6D7A2DF632E0DC9E1D7FD41F /* Logging in Frameworks */,
				E244A33D305EC46E40069634 /* Collections in Frameworks */,
			);
			runOnlyForDeploymentPostprocessing = 0;
		};
/* End PBXFrameworksBuildPhase section */

/* Begin PBXGroup section */
		009DEAFE758F2783E6D512EA /* Core */ = {
			isa = PBXGroup;
			children = (
				DF709A56B7FF381C465F855A /* Audio */,
				B78890780AE69D4DDECFF6B9 /* Config */,
				E61AE6B1A06A1DB78410A897 /* Curriculum */,
				ED34CFC03EFE602822B57520 /* Persistence */,
				755FB46B45BC00E809777EF8 /* Routing */,
				B9F47C307E237497AA574428 /* Session */,
				59CA1F942D31E904EBE7B783 /* Telemetry */,
			);
			path = Core;
			sourceTree = "<group>";
		};
		23BC3D8085AC7F39BA65B6BB /* STT */ = {
			isa = PBXGroup;
			children = (
				6B6839806CB0A8B4C586FF10 /* AssemblyAISTTService.swift */,
				A3D987AE5ED4862C62290270 /* DeepgramSTTService.swift */,
				1D75D9A149FC47EEFAD80F8B /* GLMASRHealthMonitor.swift */,
				E8536D559854F89B9630C6F2 /* GLMASRSTTService.swift */,
				642F2F56F4708A528BA96651 /* STTProviderRouter.swift */,
			);
			path = STT;
			sourceTree = "<group>";
		};
		2994970ADB59757E0D7BF071 /* TTS */ = {
			isa = PBXGroup;
			children = (
				C2F47CEED72DFFD39384E43C /* DeepgramTTSService.swift */,
				CDECFDD641B04BF76BFF029D /* ElevenLabsTTSService.swift */,
			);
			path = TTS;
			sourceTree = "<group>";
		};
		36388ECBDAF6BA443A85DD34 /* VoiceLearnTests */ = {
			isa = PBXGroup;
			children = (
				E38ED8C9EF0A65A97C7D4343 /* E2E */,
				AEBCB3CE89B936E944FB856B /* Helpers */,
				57251395F7B2784207909006 /* Integration */,
				B1F9A4F65CADEDB6861C2888 /* Unit */,
				91E410B5773BC939BEA1C800 /* Info.plist */,
			);
			path = VoiceLearnTests;
			sourceTree = "<group>";
		};
		3DB245B9DBD67324DA4767C5 /* Protocols */ = {
			isa = PBXGroup;
			children = (
				EFC0F774D8EC0E30A1EC2D96 /* LLMService.swift */,
				8998E9A5A77C8479C6840EC9 /* STTService.swift */,
				066A28895F859A971E648506 /* TTSService.swift */,
				1AB061474227993A5FFF2041 /* VADService.swift */,
			);
			path = Protocols;
			sourceTree = "<group>";
		};
		447C0C055EDE0CF3C43929BC = {
			isa = PBXGroup;
			children = (
				B681607769D7582804DD46B8 /* VoiceLearn */,
				36388ECBDAF6BA443A85DD34 /* VoiceLearnTests */,
				99F68D339F5ADC7E9DDD1855 /* Products */,
			);
			indentWidth = 4;
			sourceTree = "<group>";
			usesTabs = 0;
		};
		449FBF1CB7FA22E89F4A6EBA /* Settings */ = {
			isa = PBXGroup;
			children = (
				C07F55967DD85A530CF98851 /* SettingsView.swift */,
			);
			path = Settings;
			sourceTree = "<group>";
		};
		48BE192928E581026B4FB8AD /* LLM */ = {
			isa = PBXGroup;
			children = (
				509B24E559CC29015119472E /* AnthropicLLMService.swift */,
				4BA68771D0D75A21B107BC24 /* OpenAILLMService.swift */,
			);
			path = LLM;
			sourceTree = "<group>";
		};
		4BBA5D733888E35C447F26D9 /* Curriculum */ = {
			isa = PBXGroup;
			children = (
				B5F8DC1045251FDE321A9246 /* CurriculumView.swift */,
			);
			path = Curriculum;
			sourceTree = "<group>";
		};
		57251395F7B2784207909006 /* Integration */ = {
			isa = PBXGroup;
			children = (
				DF622CC8ADFDC3237C1CD43E /* GLMASRIntegrationTests.swift */,
				1B59DC7EA3F2AF402C44F881 /* VoiceSessionIntegrationTests.swift */,
			);
			path = Integration;
			sourceTree = "<group>";
		};
		59CA1F942D31E904EBE7B783 /* Telemetry */ = {
			isa = PBXGroup;
			children = (
				47903B0E20EAF003FA79E708 /* TelemetryEngine.swift */,
			);
			path = Telemetry;
			sourceTree = "<group>";
		};
		64A184CDD818EB21E5B9DB3E /* VAD */ = {
			isa = PBXGroup;
			children = (
				5C3D0F50423CA0804E8D2323 /* SileroVADService.swift */,
			);
			path = VAD;
			sourceTree = "<group>";
		};
		68A9CC4D80EA1C95BD334783 /* Routing */ = {
			isa = PBXGroup;
			children = (
				CC219C1820A1E178A680D115 /* LLMEndpointTests.swift */,
				2FFCEBA98BD1D322FF6847BE /* LLMTaskTypeTests.swift */,
				0AC3FC9E73C2D35145D9E98E /* PatchPanelServiceTests.swift */,
				7F9A00D61E988856333CEBDB /* RoutingConditionTests.swift */,
				E7B220AE176B031B0C84966D /* RoutingTableTests.swift */,
			);
			path = Routing;
			sourceTree = "<group>";
		};
		692DFFD4F42A6070C4D81DEA /* Embeddings */ = {
			isa = PBXGroup;
			children = (
				BCA550DB8790852526746794 /* OpenAIEmbeddingService.swift */,
			);
			path = Embeddings;
			sourceTree = "<group>";
		};
		7385AE00EA9EA85F92CFB18D /* Analytics */ = {
			isa = PBXGroup;
			children = (
				0ECDBD58C2B5FD015AEE0F44 /* AnalyticsView.swift */,
			);
			path = Analytics;
			sourceTree = "<group>";
		};
		73E0D3F97FF498CD35A03026 /* Services */ = {
			isa = PBXGroup;
			children = (
				692DFFD4F42A6070C4D81DEA /* Embeddings */,
				48BE192928E581026B4FB8AD /* LLM */,
				3DB245B9DBD67324DA4767C5 /* Protocols */,
				23BC3D8085AC7F39BA65B6BB /* STT */,
				2994970ADB59757E0D7BF071 /* TTS */,
				64A184CDD818EB21E5B9DB3E /* VAD */,
			);
			path = Services;
			sourceTree = "<group>";
		};
		75192785A3F4C974D7C85295 /* Services */ = {
			isa = PBXGroup;
			children = (
				9D2F615BA4E1303BC1721006 /* GLMASRHealthMonitorTests.swift */,
				9693B0FF6F177A8F54F08D6F /* GLMASRSTTServiceTests.swift */,
				FE3B47E47DB31A33003803B6 /* STTProviderRouterTests.swift */,
			);
			path = Services;
			sourceTree = "<group>";
		};
		755FB46B45BC00E809777EF8 /* Routing */ = {
			isa = PBXGroup;
			children = (
				F808E9BA0C180E0291AADC45 /* Models */,
				21B1322BA6EF8B4C921E0211 /* PatchPanelService.swift */,
			);
			path = Routing;
			sourceTree = "<group>";
		};
		8E3D00E03D15BE14A985A0A3 /* Session */ = {
			isa = PBXGroup;
			children = (
				870651B4721B440C51FF2B25 /* SessionView.swift */,
			);
			path = Session;
			sourceTree = "<group>";
		};
		985282E3997BDD639437D900 /* History */ = {
			isa = PBXGroup;
			children = (
				7246BE33512BCC042E23B833 /* HistoryView.swift */,
			);
			path = History;
			sourceTree = "<group>";
		};
		99F68D339F5ADC7E9DDD1855 /* Products */ = {
			isa = PBXGroup;
			children = (
				68BEF421B3B705117D9CA31A /* VoiceLearn.app */,
				9223C07C58411F6BB3AE7182 /* VoiceLearnTests.xctest */,
			);
			name = Products;
			sourceTree = "<group>";
		};
		AEBCB3CE89B936E944FB856B /* Helpers */ = {
			isa = PBXGroup;
			children = (
				3A8A6B9379FE371FFEDEF1AC /* MockServices.swift */,
			);
			path = Helpers;
			sourceTree = "<group>";
		};
		B1F9A4F65CADEDB6861C2888 /* Unit */ = {
			isa = PBXGroup;
			children = (
				68A9CC4D80EA1C95BD334783 /* Routing */,
				75192785A3F4C974D7C85295 /* Services */,
				1DF288D2538186C5B5000DD2 /* AnalyticsViewModelTests.swift */,
				34C5C067618E2C8FC74E1F33 /* AnthropicLLMServiceTests.swift */,
				181DC67767E99F3AAE3EF30C /* APIKeyManagerTests.swift */,
				8937651F15BB51C3D6444444 /* AudioEngineTests.swift */,
				71599E323CA773F8A514E7D3 /* CurriculumEngineTests.swift */,
				649A4C232D5F60B29F8A3CC2 /* DeepgramSTTServiceTests.swift */,
				E84372C34CDB567D72A2D878 /* DocumentProcessorTests.swift */,
				3FE1485B0B0AE8F52678656C /* ElevenLabsTTSServiceTests.swift */,
				49FC2289A12508DE51EA8F66 /* OpenAIEmbeddingServiceTests.swift */,
				796649153218922464580B05 /* ProgressTrackerTests.swift */,
				7FE8A7ECB08243FD922BC210 /* ProviderTests.swift */,
				D356C6AB03EB875128D5945B /* SessionManagerTests.swift */,
				AC61E5D57E08430947D46C5F /* TelemetryEngineTests.swift */,
				6FFA7F1BC8578438E8C65E54 /* VoiceLearnTests.swift */,
			);
			path = Unit;
			sourceTree = "<group>";
		};
		B27BA32154857E95CD003ABF /* UI */ = {
			isa = PBXGroup;
			children = (
				7385AE00EA9EA85F92CFB18D /* Analytics */,
				4BBA5D733888E35C447F26D9 /* Curriculum */,
				985282E3997BDD639437D900 /* History */,
				8E3D00E03D15BE14A985A0A3 /* Session */,
				449FBF1CB7FA22E89F4A6EBA /* Settings */,
			);
			path = UI;
			sourceTree = "<group>";
		};
		B681607769D7582804DD46B8 /* VoiceLearn */ = {
			isa = PBXGroup;
			children = (
				009DEAFE758F2783E6D512EA /* Core */,
				73E0D3F97FF498CD35A03026 /* Services */,
				B27BA32154857E95CD003ABF /* UI */,
				F675DF09C93DE1D58FF8C993 /* Info.plist */,
				1422944EA437B2FFC57CE4B0 /* VoiceLearn.entitlements */,
				37108704C22D2AF176240356 /* VoiceLearn.xcdatamodeld */,
				FB8E188DAEEF291DE3D8717F /* VoiceLearnApp.swift */,
			);
			path = VoiceLearn;
			sourceTree = "<group>";
		};
		B78890780AE69D4DDECFF6B9 /* Config */ = {
			isa = PBXGroup;
			children = (
				0CF8A71F6E29B1A60EB657AC /* APIKeyManager.swift */,
			);
			path = Config;
			sourceTree = "<group>";
		};
		B9F47C307E237497AA574428 /* Session */ = {
			isa = PBXGroup;
			children = (
				3A9B2D01533457DA47F7C663 /* SessionManager.swift */,
			);
			path = Session;
			sourceTree = "<group>";
		};
		DF709A56B7FF381C465F855A /* Audio */ = {
			isa = PBXGroup;
			children = (
				F0FE012EAB2DF6CAB3A1F56B /* AudioEngine.swift */,
				792F0BB33A7D5172ED835540 /* AudioEngineConfig.swift */,
			);
			path = Audio;
			sourceTree = "<group>";
		};
		E38ED8C9EF0A65A97C7D4343 /* E2E */ = {
			isa = PBXGroup;
			children = (
			);
			path = E2E;
			sourceTree = "<group>";
		};
		E61AE6B1A06A1DB78410A897 /* Curriculum */ = {
			isa = PBXGroup;
			children = (
				411F0D12EF1ABAE2430E579A /* CurriculumEngine.swift */,
				EAEF1C26EA42FA0CC980DB14 /* CurriculumModels.swift */,
				F2029AB53CA1A018B6452858 /* DocumentProcessor.swift */,
				B041C01E235EB5974E93FCBA /* ProgressTracker.swift */,
			);
			path = Curriculum;
			sourceTree = "<group>";
		};
		ED34CFC03EFE602822B57520 /* Persistence */ = {
			isa = PBXGroup;
			children = (
				130F7FE33D6B9434561D7E5F /* PersistenceController.swift */,
			);
			path = Persistence;
			sourceTree = "<group>";
		};
		F808E9BA0C180E0291AADC45 /* Models */ = {
			isa = PBXGroup;
			children = (
				CBAD08FD4974B8C9BCA8CF6C /* LLMEndpoint.swift */,
				B3FB5E0280E27A09D5A38E04 /* LLMTaskType.swift */,
				A3D4EB61FBEC59B4CB49D5D6 /* RoutingCondition.swift */,
				DBA2D86265CB6660E6A1E540 /* RoutingTable.swift */,
			);
			path = Models;
			sourceTree = "<group>";
		};
/* End PBXGroup section */

/* Begin PBXNativeTarget section */
		AD40FD102870715F99DDA61A /* VoiceLearnTests */ = {
			isa = PBXNativeTarget;
			buildConfigurationList = F75B46507B7324F27E669710 /* Build configuration list for PBXNativeTarget "VoiceLearnTests" */;
			buildPhases = (
				28DAA547B5B7606E2DA3E4A2 /* Sources */,
			);
			buildRules = (
			);
			dependencies = (
				15224179207A751A6EF4EA68 /* PBXTargetDependency */,
			);
			name = VoiceLearnTests;
			packageProductDependencies = (
			);
			productName = VoiceLearnTests;
			productReference = 9223C07C58411F6BB3AE7182 /* VoiceLearnTests.xctest */;
			productType = "com.apple.product-type.bundle.unit-test";
		};
		F3A617C1E824546C188FE132 /* VoiceLearn */ = {
			isa = PBXNativeTarget;
			buildConfigurationList = 5B81870E5475F2E711F32224 /* Build configuration list for PBXNativeTarget "VoiceLearn" */;
			buildPhases = (
				DD10BEA50CFD383A4EBFE45F /* Sources */,
				7C36E467CAC54F81D5C17931 /* Frameworks */,
			);
			buildRules = (
			);
			dependencies = (
			);
			name = VoiceLearn;
			packageProductDependencies = (
				2B2AF5164826C00D3745FA7A /* LiveKit */,
				979A0008641BECA9718FB660 /* Logging */,
				E47F4D79C318BDBE1EF4A727 /* Collections */,
			);
			productName = VoiceLearn;
			productReference = 68BEF421B3B705117D9CA31A /* VoiceLearn.app */;
			productType = "com.apple.product-type.application";
		};
/* End PBXNativeTarget section */

/* Begin PBXProject section */
		B631013CC8C5ED885CFA8A9C /* Project object */ = {
			isa = PBXProject;
			attributes = {
				BuildIndependentTargetsInParallel = YES;
				LastUpgradeCheck = 1520;
				TargetAttributes = {
					AD40FD102870715F99DDA61A = {
						DevelopmentTeam = "";
					};
					F3A617C1E824546C188FE132 = {
						DevelopmentTeam = "";
					};
				};
			};
			buildConfigurationList = 3564F834BDCDAF14C11CBC9C /* Build configuration list for PBXProject "VoiceLearn" */;
			compatibilityVersion = "Xcode 14.0";
			developmentRegion = en;
			hasScannedForEncodings = 0;
			knownRegions = (
				Base,
				en,
			);
			mainGroup = 447C0C055EDE0CF3C43929BC;
			minimizedProjectReferenceProxies = 1;
			packageReferences = (
				494D4645F6EED41C7F942ECC /* XCRemoteSwiftPackageReference "swift-collections" */,
				F0265842A78D3BED995F1309 /* XCRemoteSwiftPackageReference "client-sdk-swift" */,
				4951890113EB170D07DBC23A /* XCRemoteSwiftPackageReference "swift-log" */,
			);
			preferredProjectObjectVersion = 77;
			projectDirPath = "";
			projectRoot = "";
			targets = (
				F3A617C1E824546C188FE132 /* VoiceLearn */,
				AD40FD102870715F99DDA61A /* VoiceLearnTests */,
			);
		};
/* End PBXProject section */

/* Begin PBXSourcesBuildPhase section */
		28DAA547B5B7606E2DA3E4A2 /* Sources */ = {
			isa = PBXSourcesBuildPhase;
			buildActionMask = 2147483647;
			files = (
				5124E9461D8BB49030B2518B /* APIKeyManagerTests.swift in Sources */,
				098AA76289CAF765C05E5F4D /* AnalyticsViewModelTests.swift in Sources */,
				A5E353A948B2DE6013C9D344 /* AnthropicLLMServiceTests.swift in Sources */,
				1D9A963EFEAB498D28F47ED3 /* AudioEngineTests.swift in Sources */,
				B2CDE99451243202FC0AEB82 /* CurriculumEngineTests.swift in Sources */,
				DBA6638373A4D9746B324D0A /* DeepgramSTTServiceTests.swift in Sources */,
				EA5172B75096ABB7DE2C0DF3 /* DocumentProcessorTests.swift in Sources */,
				61D0586DDED7EFC311050437 /* ElevenLabsTTSServiceTests.swift in Sources */,
				C569F578CBCEA6FA0C4B56DB /* GLMASRHealthMonitorTests.swift in Sources */,
				15666863F2687AEA80E96602 /* GLMASRIntegrationTests.swift in Sources */,
				F95E852719059B9493C11973 /* GLMASRSTTServiceTests.swift in Sources */,
				4FD6E2915CC0F88F817B2E9D /* LLMEndpointTests.swift in Sources */,
				A5F176EAF578AB5F4C596938 /* LLMTaskTypeTests.swift in Sources */,
				6EEE0509CC6D6481D46DC973 /* MockServices.swift in Sources */,
				34AAE979FCBAF1B670CD49A2 /* OpenAIEmbeddingServiceTests.swift in Sources */,
				7FD635E8BE9ADCCAFB9B841F /* PatchPanelServiceTests.swift in Sources */,
				67AAFF06599079A85D50BDD1 /* ProgressTrackerTests.swift in Sources */,
				58D25B9D0FF5811916E1F00C /* ProviderTests.swift in Sources */,
				3B1F6045E2D8996D3EF258A7 /* RoutingConditionTests.swift in Sources */,
				1A0E8F973F5E24C429F420B3 /* RoutingTableTests.swift in Sources */,
				F0A24FCEEB540AE0010195C9 /* STTProviderRouterTests.swift in Sources */,
				000CCBD668C2818134BBB9D8 /* SessionManagerTests.swift in Sources */,
				1B532AA91F37FB00F3776A20 /* TelemetryEngineTests.swift in Sources */,
				BF409C6E576B70EDDF1B8422 /* VoiceLearnTests.swift in Sources */,
				8CB794485F99A48DC8B17395 /* VoiceSessionIntegrationTests.swift in Sources */,
			);
			runOnlyForDeploymentPostprocessing = 0;
		};
		DD10BEA50CFD383A4EBFE45F /* Sources */ = {
			isa = PBXSourcesBuildPhase;
			buildActionMask = 2147483647;
			files = (
				FB933B4BB3E2F055E8146AC5 /* APIKeyManager.swift in Sources */,
				756EF19183A7B57FC6CE4BC7 /* AnalyticsView.swift in Sources */,
				F6FB88EE88B2200BFEDB700F /* AnthropicLLMService.swift in Sources */,
				E4A9718A2BC3BEE2B5CA5E4F /* AssemblyAISTTService.swift in Sources */,
				258B8E396E2A216A916FEF7C /* AudioEngine.swift in Sources */,
				1D32D97ACF5B69D35233B4FD /* AudioEngineConfig.swift in Sources */,
				C75E49C4ACFF9A7A2BD87413 /* CurriculumEngine.swift in Sources */,
				01E12BE332E2E3ED3B56C918 /* CurriculumModels.swift in Sources */,
				51597A37F8C2CF4DF8F8D9AB /* CurriculumView.swift in Sources */,
				41B2ED1A4802336BD4E0DEB8 /* DeepgramSTTService.swift in Sources */,
				E5D418DA141E14B8F59D496F /* DeepgramTTSService.swift in Sources */,
				0E42DB2A515DB5894FBC9A3A /* DocumentProcessor.swift in Sources */,
				E6002B3D9EDF1E4CDC6AF6F6 /* ElevenLabsTTSService.swift in Sources */,
				9F857CCCA1A3413160008F39 /* GLMASRHealthMonitor.swift in Sources */,
				4EF17C8315F0F06267492967 /* GLMASRSTTService.swift in Sources */,
				AD59AB97320E3A82409B6F91 /* HistoryView.swift in Sources */,
				C1C82D7C3C5767FC4AB506F1 /* LLMEndpoint.swift in Sources */,
				3C9687BB5ED088E5CFB137A3 /* LLMService.swift in Sources */,
				2049AFC61933FA56A87B1B16 /* LLMTaskType.swift in Sources */,
				B8D4BA457002AC905CFE3E3F /* OpenAIEmbeddingService.swift in Sources */,
				5510A61AC575D75EB2F879CA /* OpenAILLMService.swift in Sources */,
				1CC2729F8234EC249E8657A8 /* PatchPanelService.swift in Sources */,
				9AD986AC3C1103518ABD6AA7 /* PersistenceController.swift in Sources */,
				D159E4DCBE598DD145BD0190 /* ProgressTracker.swift in Sources */,
				D92E56023D90A34042E91773 /* RoutingCondition.swift in Sources */,
				D5C0362DDAFF0BC6ACED588F /* RoutingTable.swift in Sources */,
				025290442B034FB27FF10B18 /* STTProviderRouter.swift in Sources */,
				63F3D9D850D9235A2A45C6E8 /* STTService.swift in Sources */,
				8A8A0EA375EBA0B193CFBC4F /* SessionManager.swift in Sources */,
				6185DD021C5AF6878242D176 /* SessionView.swift in Sources */,
				F3A1B3299F761CA0B3A359FD /* SettingsView.swift in Sources */,
				939A4CD598021E7D2608076F /* SileroVADService.swift in Sources */,
				BBBBBD2EA90859E56F2F0F34 /* TTSService.swift in Sources */,
				645B75E6E4117EEF61541600 /* TelemetryEngine.swift in Sources */,
				396D2F55A0D16F01C4091404 /* VADService.swift in Sources */,
				91CFFCECF8519999A8A37ECC /* VoiceLearn.xcdatamodeld in Sources */,
				494EF7B0DF519CC02B6BA5C1 /* VoiceLearnApp.swift in Sources */,
			);
			runOnlyForDeploymentPostprocessing = 0;
		};
/* End PBXSourcesBuildPhase section */

/* Begin PBXTargetDependency section */
		15224179207A751A6EF4EA68 /* PBXTargetDependency */ = {
			isa = PBXTargetDependency;
			target = F3A617C1E824546C188FE132 /* VoiceLearn */;
			targetProxy = 2C4BE255A9A8DCFF504F55CA /* PBXContainerItemProxy */;
		};
/* End PBXTargetDependency section */

/* Begin XCBuildConfiguration section */
		3B4E9957E7EA5E5AC1D2982B /* Debug */ = {
			isa = XCBuildConfiguration;
			buildSettings = {
				ASSETCATALOG_COMPILER_APPICON_NAME = AppIcon;
				CODE_SIGN_ENTITLEMENTS = VoiceLearn/VoiceLearn.entitlements;
				CODE_SIGN_IDENTITY = "iPhone Developer";
				GENERATE_INFOPLIST_FILE = NO;
				INFOPLIST_FILE = VoiceLearn/Info.plist;
				IPHONEOS_DEPLOYMENT_TARGET = 18.0;
				LD_RUNPATH_SEARCH_PATHS = (
					"$(inherited)",
					"@executable_path/Frameworks",
				);
				PRODUCT_BUNDLE_IDENTIFIER = com.voicelearn.app;
				SDKROOT = iphoneos;
				SWIFT_EMIT_LOC_STRINGS = YES;
				TARGETED_DEVICE_FAMILY = "1,2";
			};
			name = Debug;
		};
		48A3CFF2BF2721DE21727BF2 /* Release */ = {
			isa = XCBuildConfiguration;
			buildSettings = {
				BUNDLE_LOADER = "$(TEST_HOST)";
				GENERATE_INFOPLIST_FILE = YES;
				INFOPLIST_FILE = VoiceLearnTests/Info.plist;
				IPHONEOS_DEPLOYMENT_TARGET = 18.0;
				LD_RUNPATH_SEARCH_PATHS = (
					"$(inherited)",
					"@executable_path/Frameworks",
					"@loader_path/Frameworks",
				);
				PRODUCT_BUNDLE_IDENTIFIER = com.voicelearn.tests;
				SDKROOT = iphoneos;
				TARGETED_DEVICE_FAMILY = "1,2";
				TEST_HOST = "$(BUILT_PRODUCTS_DIR)/VoiceLearn.app/VoiceLearn";
			};
			name = Release;
		};
		4AAB4E214D33673647D26891 /* Release */ = {
			isa = XCBuildConfiguration;
			buildSettings = {
				ASSETCATALOG_COMPILER_APPICON_NAME = AppIcon;
				CODE_SIGN_ENTITLEMENTS = VoiceLearn/VoiceLearn.entitlements;
				CODE_SIGN_IDENTITY = "iPhone Developer";
				GENERATE_INFOPLIST_FILE = NO;
				INFOPLIST_FILE = VoiceLearn/Info.plist;
				IPHONEOS_DEPLOYMENT_TARGET = 18.0;
				LD_RUNPATH_SEARCH_PATHS = (
					"$(inherited)",
					"@executable_path/Frameworks",
				);
				PRODUCT_BUNDLE_IDENTIFIER = com.voicelearn.app;
				SDKROOT = iphoneos;
				SWIFT_EMIT_LOC_STRINGS = YES;
				TARGETED_DEVICE_FAMILY = "1,2";
			};
			name = Release;
		};
		510D0CBA970F6917120D6FC4 /* Debug */ = {
			isa = XCBuildConfiguration;
			buildSettings = {
				ALWAYS_SEARCH_USER_PATHS = NO;
				CLANG_ANALYZER_NONNULL = YES;
				CLANG_ANALYZER_NUMBER_OBJECT_CONVERSION = YES_AGGRESSIVE;
				CLANG_CXX_LANGUAGE_STANDARD = "gnu++14";
				CLANG_CXX_LIBRARY = "libc++";
				CLANG_ENABLE_MODULES = YES;
				CLANG_ENABLE_OBJC_ARC = YES;
				CLANG_ENABLE_OBJC_WEAK = YES;
				CLANG_WARN_BLOCK_CAPTURE_AUTORELEASING = YES;
				CLANG_WARN_BOOL_CONVERSION = YES;
				CLANG_WARN_COMMA = YES;
				CLANG_WARN_CONSTANT_CONVERSION = YES;
				CLANG_WARN_DEPRECATED_OBJC_IMPLEMENTATIONS = YES;
				CLANG_WARN_DIRECT_OBJC_ISA_USAGE = YES_ERROR;
				CLANG_WARN_DOCUMENTATION_COMMENTS = YES;
				CLANG_WARN_EMPTY_BODY = YES;
				CLANG_WARN_ENUM_CONVERSION = YES;
				CLANG_WARN_INFINITE_RECURSION = YES;
				CLANG_WARN_INT_CONVERSION = YES;
				CLANG_WARN_NON_LITERAL_NULL_CONVERSION = YES;
				CLANG_WARN_OBJC_IMPLICIT_RETAIN_SELF = YES;
				CLANG_WARN_OBJC_LITERAL_CONVERSION = YES;
				CLANG_WARN_OBJC_ROOT_CLASS = YES_ERROR;
				CLANG_WARN_QUOTED_INCLUDE_IN_FRAMEWORK_HEADER = YES;
				CLANG_WARN_RANGE_LOOP_ANALYSIS = YES;
				CLANG_WARN_STRICT_PROTOTYPES = YES;
				CLANG_WARN_SUSPICIOUS_MOVE = YES;
				CLANG_WARN_UNGUARDED_AVAILABILITY = YES_AGGRESSIVE;
				CLANG_WARN_UNREACHABLE_CODE = YES;
				CLANG_WARN__DUPLICATE_METHOD_MATCH = YES;
				COPY_PHASE_STRIP = NO;
				DEBUG_INFORMATION_FORMAT = dwarf;
				DEVELOPMENT_TEAM = "";
				ENABLE_STRICT_OBJC_MSGSEND = YES;
				ENABLE_TESTABILITY = YES;
				ENABLE_USER_SCRIPT_SANDBOXING = NO;
				GCC_C_LANGUAGE_STANDARD = gnu11;
				GCC_DYNAMIC_NO_PIC = NO;
				GCC_NO_COMMON_BLOCKS = YES;
				GCC_OPTIMIZATION_LEVEL = 0;
				GCC_PREPROCESSOR_DEFINITIONS = (
					"$(inherited)",
					"DEBUG=1",
				);
				GCC_WARN_64_TO_32_BIT_CONVERSION = YES;
				GCC_WARN_ABOUT_RETURN_TYPE = YES_ERROR;
				GCC_WARN_UNDECLARED_SELECTOR = YES;
				GCC_WARN_UNINITIALIZED_AUTOS = YES_AGGRESSIVE;
				GCC_WARN_UNUSED_FUNCTION = YES;
				GCC_WARN_UNUSED_VARIABLE = YES;
				IPHONEOS_DEPLOYMENT_TARGET = 18.0;
				MTL_ENABLE_DEBUG_INFO = INCLUDE_SOURCE;
				MTL_FAST_MATH = YES;
				ONLY_ACTIVE_ARCH = YES;
				PRODUCT_NAME = "$(TARGET_NAME)";
				SDKROOT = iphoneos;
				SWIFT_ACTIVE_COMPILATION_CONDITIONS = DEBUG;
				SWIFT_OPTIMIZATION_LEVEL = "-Onone";
				SWIFT_VERSION = 6.0;
				TARGETED_DEVICE_FAMILY = 1;
			};
			name = Debug;
		};
		620609B9EEEE8E9286D8FB19 /* Release */ = {
			isa = XCBuildConfiguration;
			buildSettings = {
				ALWAYS_SEARCH_USER_PATHS = NO;
				CLANG_ANALYZER_NONNULL = YES;
				CLANG_ANALYZER_NUMBER_OBJECT_CONVERSION = YES_AGGRESSIVE;
				CLANG_CXX_LANGUAGE_STANDARD = "gnu++14";
				CLANG_CXX_LIBRARY = "libc++";
				CLANG_ENABLE_MODULES = YES;
				CLANG_ENABLE_OBJC_ARC = YES;
				CLANG_ENABLE_OBJC_WEAK = YES;
				CLANG_WARN_BLOCK_CAPTURE_AUTORELEASING = YES;
				CLANG_WARN_BOOL_CONVERSION = YES;
				CLANG_WARN_COMMA = YES;
				CLANG_WARN_CONSTANT_CONVERSION = YES;
				CLANG_WARN_DEPRECATED_OBJC_IMPLEMENTATIONS = YES;
				CLANG_WARN_DIRECT_OBJC_ISA_USAGE = YES_ERROR;
				CLANG_WARN_DOCUMENTATION_COMMENTS = YES;
				CLANG_WARN_EMPTY_BODY = YES;
				CLANG_WARN_ENUM_CONVERSION = YES;
				CLANG_WARN_INFINITE_RECURSION = YES;
				CLANG_WARN_INT_CONVERSION = YES;
				CLANG_WARN_NON_LITERAL_NULL_CONVERSION = YES;
				CLANG_WARN_OBJC_IMPLICIT_RETAIN_SELF = YES;
				CLANG_WARN_OBJC_LITERAL_CONVERSION = YES;
				CLANG_WARN_OBJC_ROOT_CLASS = YES_ERROR;
				CLANG_WARN_QUOTED_INCLUDE_IN_FRAMEWORK_HEADER = YES;
				CLANG_WARN_RANGE_LOOP_ANALYSIS = YES;
				CLANG_WARN_STRICT_PROTOTYPES = YES;
				CLANG_WARN_SUSPICIOUS_MOVE = YES;
				CLANG_WARN_UNGUARDED_AVAILABILITY = YES_AGGRESSIVE;
				CLANG_WARN_UNREACHABLE_CODE = YES;
				CLANG_WARN__DUPLICATE_METHOD_MATCH = YES;
				COPY_PHASE_STRIP = NO;
				DEBUG_INFORMATION_FORMAT = "dwarf-with-dsym";
				DEVELOPMENT_TEAM = "";
				ENABLE_NS_ASSERTIONS = NO;
				ENABLE_STRICT_OBJC_MSGSEND = YES;
				ENABLE_USER_SCRIPT_SANDBOXING = NO;
				GCC_C_LANGUAGE_STANDARD = gnu11;
				GCC_NO_COMMON_BLOCKS = YES;
				GCC_WARN_64_TO_32_BIT_CONVERSION = YES;
				GCC_WARN_ABOUT_RETURN_TYPE = YES_ERROR;
				GCC_WARN_UNDECLARED_SELECTOR = YES;
				GCC_WARN_UNINITIALIZED_AUTOS = YES_AGGRESSIVE;
				GCC_WARN_UNUSED_FUNCTION = YES;
				GCC_WARN_UNUSED_VARIABLE = YES;
				IPHONEOS_DEPLOYMENT_TARGET = 18.0;
				MTL_ENABLE_DEBUG_INFO = NO;
				MTL_FAST_MATH = YES;
				PRODUCT_NAME = "$(TARGET_NAME)";
				SDKROOT = iphoneos;
				SWIFT_ACTIVE_COMPILATION_CONDITIONS = "";
				SWIFT_COMPILATION_MODE = wholemodule;
				SWIFT_OPTIMIZATION_LEVEL = "-O";
				SWIFT_VERSION = 6.0;
				TARGETED_DEVICE_FAMILY = 1;
			};
			name = Release;
		};
		800E3AEF8914E28805B52985 /* Debug */ = {
			isa = XCBuildConfiguration;
			buildSettings = {
				BUNDLE_LOADER = "$(TEST_HOST)";
				GENERATE_INFOPLIST_FILE = YES;
				INFOPLIST_FILE = VoiceLearnTests/Info.plist;
				IPHONEOS_DEPLOYMENT_TARGET = 18.0;
				LD_RUNPATH_SEARCH_PATHS = (
					"$(inherited)",
					"@executable_path/Frameworks",
					"@loader_path/Frameworks",
				);
				PRODUCT_BUNDLE_IDENTIFIER = com.voicelearn.tests;
				SDKROOT = iphoneos;
				TARGETED_DEVICE_FAMILY = "1,2";
				TEST_HOST = "$(BUILT_PRODUCTS_DIR)/VoiceLearn.app/VoiceLearn";
			};
			name = Debug;
		};
/* End XCBuildConfiguration section */

/* Begin XCConfigurationList section */
		3564F834BDCDAF14C11CBC9C /* Build configuration list for PBXProject "VoiceLearn" */ = {
			isa = XCConfigurationList;
			buildConfigurations = (
				510D0CBA970F6917120D6FC4 /* Debug */,
				620609B9EEEE8E9286D8FB19 /* Release */,
			);
			defaultConfigurationIsVisible = 0;
			defaultConfigurationName = Debug;
		};
		5B81870E5475F2E711F32224 /* Build configuration list for PBXNativeTarget "VoiceLearn" */ = {
			isa = XCConfigurationList;
			buildConfigurations = (
				3B4E9957E7EA5E5AC1D2982B /* Debug */,
				4AAB4E214D33673647D26891 /* Release */,
			);
			defaultConfigurationIsVisible = 0;
			defaultConfigurationName = Debug;
		};
		F75B46507B7324F27E669710 /* Build configuration list for PBXNativeTarget "VoiceLearnTests" */ = {
			isa = XCConfigurationList;
			buildConfigurations = (
				800E3AEF8914E28805B52985 /* Debug */,
				48A3CFF2BF2721DE21727BF2 /* Release */,
			);
			defaultConfigurationIsVisible = 0;
			defaultConfigurationName = Debug;
		};
/* End XCConfigurationList section */

/* Begin XCRemoteSwiftPackageReference section */
		494D4645F6EED41C7F942ECC /* XCRemoteSwiftPackageReference "swift-collections" */ = {
			isa = XCRemoteSwiftPackageReference;
			repositoryURL = "https://github.com/apple/swift-collections.git";
			requirement = {
				kind = upToNextMajorVersion;
				minimumVersion = 1.1.0;
			};
		};
		4951890113EB170D07DBC23A /* XCRemoteSwiftPackageReference "swift-log" */ = {
			isa = XCRemoteSwiftPackageReference;
			repositoryURL = "https://github.com/apple/swift-log.git";
			requirement = {
				kind = upToNextMajorVersion;
				minimumVersion = 1.5.0;
			};
		};
		F0265842A78D3BED995F1309 /* XCRemoteSwiftPackageReference "client-sdk-swift" */ = {
			isa = XCRemoteSwiftPackageReference;
			repositoryURL = "https://github.com/livekit/client-sdk-swift.git";
			requirement = {
				kind = upToNextMajorVersion;
				minimumVersion = 2.0.0;
			};
		};
/* End XCRemoteSwiftPackageReference section */

/* Begin XCSwiftPackageProductDependency section */
		2B2AF5164826C00D3745FA7A /* LiveKit */ = {
			isa = XCSwiftPackageProductDependency;
			package = F0265842A78D3BED995F1309 /* XCRemoteSwiftPackageReference "client-sdk-swift" */;
			productName = LiveKit;
		};
		979A0008641BECA9718FB660 /* Logging */ = {
			isa = XCSwiftPackageProductDependency;
			package = 4951890113EB170D07DBC23A /* XCRemoteSwiftPackageReference "swift-log" */;
			productName = Logging;
		};
		E47F4D79C318BDBE1EF4A727 /* Collections */ = {
			isa = XCSwiftPackageProductDependency;
			package = 494D4645F6EED41C7F942ECC /* XCRemoteSwiftPackageReference "swift-collections" */;
			productName = Collections;
		};
/* End XCSwiftPackageProductDependency section */

/* Begin XCVersionGroup section */
		37108704C22D2AF176240356 /* VoiceLearn.xcdatamodeld */ = {
			isa = XCVersionGroup;
			children = (
				AA5E84CBF89FBA53518EF814 /* VoiceLearn.xcdatamodel */,
			);
			currentVersion = AA5E84CBF89FBA53518EF814 /* VoiceLearn.xcdatamodel */;
			path = VoiceLearn.xcdatamodeld;
			sourceTree = "<group>";
			versionGroupType = wrapper.xcdatamodel;
		};
/* End XCVersionGroup section */
	};
	rootObject = B631013CC8C5ED885CFA8A9C /* Project object */;
}
